
Microsoft Visual Studio Solution File, Format Version 12.00
# Visual Studio Version 16
Project("{8BC9CEB8-8B4A-11D0-8D11-00A0C91BC942}") = "ArtCode", "ArtCode\ArtCode.vcxproj", "{67DF8EA1-D3BE-0D3D-DCD6-98134835749E}"
EndProject
Project("{8BC9CEB8-8B4A-11D0-8D11-00A0C91BC942}") = "Ethereal", "Ethereal\Ethereal.vcxproj", "{2F9CD104-1B69-2C10-4482-1AB830AE619E}"
EndProject
Project("{8BC9CEB8-8B4A-11D0-8D11-00A0C91BC942}") = "GLAD", "Ethereal\Vendor\GLAD\GLAD.vcxproj", "{5D4A857C-4981-860D-F26D-6C10DE83020F}"
EndProject
Project("{8BC9CEB8-8B4A-11D0-8D11-00A0C91BC942}") = "GLFW", "Ethereal\Vendor\GLFW\GLFW.vcxproj", "{154B857C-0182-860D-AA6E-6C109684020F}"
EndProject
Global
	GlobalSection(SolutionConfigurationPlatforms) = preSolution
		Debug|x64 = Debug|x64
	EndGlobalSection
	GlobalSection(ProjectConfigurationPlatforms) = postSolution
		{67DF8EA1-D3BE-0D3D-DCD6-98134835749E}.Debug|x64.ActiveCfg = Debug|x64
		{67DF8EA1-D3BE-0D3D-DCD6-98134835749E}.Debug|x64.Build.0 = Debug|x64
		{2F9CD104-1B69-2C10-4482-1AB830AE619E}.Debug|x64.ActiveCfg = Debug|x64
		{2F9CD104-1B69-2C10-4482-1AB830AE619E}.Debug|x64.Build.0 = Debug|x64
		{5D4A857C-4981-860D-F26D-6C10DE83020F}.Debug|x64.ActiveCfg = Debug|x64
		{5D4A857C-4981-860D-F26D-6C10DE83020F}.Debug|x64.Build.0 = Debug|x64
		{154B857C-0182-860D-AA6E-6C109684020F}.Debug|x64.ActiveCfg = Debug|x64
		{154B857C-0182-860D-AA6E-6C109684020F}.Debug|x64.Build.0 = Debug|x64
	EndGlobalSection
	GlobalSection(SolutionProperties) = preSolution
		HideSolutionNode = FALSE
	EndGlobalSection
EndGlobal
